
Microsoft Visual Studio Solution File, Format Version 12.00
# Visual Studio Version 17
VisualStudioVersion = 17.7.34221.43
MinimumVisualStudioVersion = 10.0.40219.1
Project("{FAE04EC0-301F-11D3-BF4B-00C04F79EFBC}") = "GDI+ Assignment ASE", "GDI+ Assignment ASE\GDI+ Assignment ASE.csproj", "{4A950BEF-07F0-449D-8801-96235FBE3414}"
EndProject
Project("{FAE04EC0-301F-11D3-BF4B-00C04F79EFBC}") = "GDI+ Assignment ASETests", "GDI+ Assignment ASETests\GDI+ Assignment ASETests.csproj", "{72A4E2CC-305F-4225-ACBF-FBE2A3BCD3AF}"
EndProject
Global
	GlobalSection(SolutionConfigurationPlatforms) = preSolution
		Debug|Any CPU = Debug|Any CPU
		Release|Any CPU = Release|Any CPU
	EndGlobalSection
	GlobalSection(ProjectConfigurationPlatforms) = postSolution
		{4A950BEF-07F0-449D-8801-96235FBE3414}.Debug|Any CPU.ActiveCfg = Debug|Any CPU
		{4A950BEF-07F0-449D-8801-96235FBE3414}.Debug|Any CPU.Build.0 = Debug|Any CPU
		{4A950BEF-07F0-449D-8801-96235FBE3414}.Release|Any CPU.ActiveCfg = Release|Any CPU
		{4A950BEF-07F0-449D-8801-96235FBE3414}.Release|Any CPU.Build.0 = Release|Any CPU
		{72A4E2CC-305F-4225-ACBF-FBE2A3BCD3AF}.Debug|Any CPU.ActiveCfg = Debug|Any CPU
		{72A4E2CC-305F-4225-ACBF-FBE2A3BCD3AF}.Debug|Any CPU.Build.0 = Debug|Any CPU
		{72A4E2CC-305F-4225-ACBF-FBE2A3BCD3AF}.Release|Any CPU.ActiveCfg = Release|Any CPU
		{72A4E2CC-305F-4225-ACBF-FBE2A3BCD3AF}.Release|Any CPU.Build.0 = Release|Any CPU
	EndGlobalSection
	GlobalSection(SolutionProperties) = preSolution
		HideSolutionNode = FALSE
	EndGlobalSection
	GlobalSection(ExtensibilityGlobals) = postSolution
		SolutionGuid = {C4FE1B9D-682C-41F6-981F-31FC4CADF1C4}
	EndGlobalSection
EndGlobal
